{
  "pins" : [
    {
      "identity" : "cocoalumberjack",
      "kind" : "remoteSourceControl",
      "location" : "https://github.com/CocoaLumberjack/CocoaLumberjack.git",
      "state" : {
        "revision" : "af4973721172dd7850a42a58a9ffcec0ec82e5a9",
        "version" : "3.8.4"
      }
    },
    {
      "identity" : "svgimageswiftui",
      "kind" : "remoteSourceControl",
      "location" : "https://github.com/alfianlosari/SVGImageSwiftUI.git",
      "state" : {
        "branch" : "main",
        "revision" : "f9db23eac190615dd3c5fb0788f440a840cd0fe5"
      }
    },
    {
      "identity" : "svgkit",
      "kind" : "remoteSourceControl",
      "location" : "https://github.com/alfianlosari/SVGKit",
      "state" : {
        "branch" : "3.x",
        "revision" : "9306d7c06eaa59af1fd0efe01edec45ef997025a"
      }
    },
    {
      "identity" : "swift-log",
      "kind" : "remoteSourceControl",
      "location" : "https://github.com/apple/swift-log",
      "state" : {
        "revision" : "e97a6fcb1ab07462881ac165fdbb37f067e205d5",
        "version" : "1.5.4"
      }
    },
    {
      "identity" : "xcafootballdataclient",
      "kind" : "remoteSourceControl",
      "location" : "https://github.com/alfianlosari/XCAFootballDataClient.git",
      "state" : {
        "revision" : "c113ef1952b5c085bc52278fc6ef91722fa7c54c",
        "version" : "0.1.0"
      }
    }
  ],
  "version" : 2
}
