// !$*UTF8*$!
{
	archiveVersion = 1;
	classes = {
	};
	objectVersion = 56;
	objects = {

/* Begin PBXBuildFile section */
		09AD9FBB2B927B7800F14D71 /* PolledApp.swift in Sources */ = {isa = PBXBuildFile; fileRef = 09AD9FBA2B927B7800F14D71 /* PolledApp.swift */; };
		09AD9FBD2B927B7800F14D71 /* ContentView.swift in Sources */ = {isa = PBXBuildFile; fileRef = 09AD9FBC2B927B7800F14D71 /* ContentView.swift */; };
		09AD9FBF2B927B7B00F14D71 /* Assets.xcassets in Resources */ = {isa = PBXBuildFile; fileRef = 09AD9FBE2B927B7B00F14D71 /* Assets.xcassets */; };
		09AD9FC22B927B7B00F14D71 /* Preview Assets.xcassets in Resources */ = {isa = PBXBuildFile; fileRef = 09AD9FC12B927B7B00F14D71 /* Preview Assets.xcassets */; };
		09AD9FC92B9292A800F14D71 /* GoogleService-Info.plist in Resources */ = {isa = PBXBuildFile; fileRef = 09AD9FC82B9292A800F14D71 /* GoogleService-Info.plist */; };
		09AD9FCC2B92930700F14D71 /* FirebaseAnalytics in Frameworks */ = {isa = PBXBuildFile; productRef = 09AD9FCB2B92930700F14D71 /* FirebaseAnalytics */; };
		09AD9FCE2B92930700F14D71 /* FirebaseAnalyticsOnDeviceConversion in Frameworks */ = {isa = PBXBuildFile; productRef = 09AD9FCD2B92930700F14D71 /* FirebaseAnalyticsOnDeviceConversion */; };
		09AD9FD02B92930700F14D71 /* FirebaseAnalyticsSwift in Frameworks */ = {isa = PBXBuildFile; productRef = 09AD9FCF2B92930700F14D71 /* FirebaseAnalyticsSwift */; };
		09AD9FD22B92930700F14D71 /* FirebaseAnalyticsWithoutAdIdSupport in Frameworks */ = {isa = PBXBuildFile; productRef = 09AD9FD12B92930700F14D71 /* FirebaseAnalyticsWithoutAdIdSupport */; };
		09AD9FD42B92930700F14D71 /* FirebaseAppCheck in Frameworks */ = {isa = PBXBuildFile; productRef = 09AD9FD32B92930700F14D71 /* FirebaseAppCheck */; };
		09AD9FD72B92A6C900F14D71 /* FirebaseFirestore in Frameworks */ = {isa = PBXBuildFile; productRef = 09AD9FD62B92A6C900F14D71 /* FirebaseFirestore */; };
		09AD9FD92B92A6D100F14D71 /* FirebaseFirestoreSwift in Frameworks */ = {isa = PBXBuildFile; productRef = 09AD9FD82B92A6D100F14D71 /* FirebaseFirestoreSwift */; };
		09AD9FDB2B92A6D600F14D71 /* FirebaseAuth in Frameworks */ = {isa = PBXBuildFile; productRef = 09AD9FDA2B92A6D600F14D71 /* FirebaseAuth */; };
		09AD9FDD2B92A6DC00F14D71 /* FirebaseDatabase in Frameworks */ = {isa = PBXBuildFile; productRef = 09AD9FDC2B92A6DC00F14D71 /* FirebaseDatabase */; };
		09AD9FE02B92ACF900F14D71 /* Option.swift in Sources */ = {isa = PBXBuildFile; fileRef = 09AD9FDF2B92ACF900F14D71 /* Option.swift */; };
		09AD9FE22B92ADAA00F14D71 /* Poll.swift in Sources */ = {isa = PBXBuildFile; fileRef = 09AD9FE12B92ADAA00F14D71 /* Poll.swift */; };
		09AD9FE52B92AE0B00F14D71 /* HomeVM.swift in Sources */ = {isa = PBXBuildFile; fileRef = 09AD9FE42B92AE0B00F14D71 /* HomeVM.swift */; };
		09AD9FF22B92BD2800F14D71 /* PollChartView.swift in Sources */ = {isa = PBXBuildFile; fileRef = 09AD9FF12B92BD2800F14D71 /* PollChartView.swift */; };
		09AD9FF42B92BE2F00F14D71 /* LivePollWidgetAttributes.swift in Sources */ = {isa = PBXBuildFile; fileRef = 09AD9FF32B92BE2F00F14D71 /* LivePollWidgetAttributes.swift */; };
		09AD9FF62B92BE4800F14D71 /* LivePollsWidgetBundle.swift in Sources */ = {isa = PBXBuildFile; fileRef = 09AD9FF52B92BE4800F14D71 /* LivePollsWidgetBundle.swift */; };
		09AD9FF82B92BE9400F14D71 /* LivePollsWidgetLiveActivity.swift in Sources */ = {isa = PBXBuildFile; fileRef = 09AD9FF72B92BE9400F14D71 /* LivePollsWidgetLiveActivity.swift */; };
		09AD9FFC2B92C1AC00F14D71 /* PollView.swift in Sources */ = {isa = PBXBuildFile; fileRef = 09AD9FFB2B92C1AC00F14D71 /* PollView.swift */; };
		09AD9FFE2B92C36100F14D71 /* PollVM.swift in Sources */ = {isa = PBXBuildFile; fileRef = 09AD9FFD2B92C36100F14D71 /* PollVM.swift */; };
		09ADA0002B92C62C00F14D71 /* HomeView.swift in Sources */ = {isa = PBXBuildFile; fileRef = 09AD9FFF2B92C62C00F14D71 /* HomeView.swift */; };
/* End PBXBuildFile section */

/* Begin PBXFileReference section */
		09AD9FB72B927B7800F14D71 /* Polled.app */ = {isa = PBXFileReference; explicitFileType = wrapper.application; includeInIndex = 0; path = Polled.app; sourceTree = BUILT_PRODUCTS_DIR; };
		09AD9FBA2B927B7800F14D71 /* PolledApp.swift */ = {isa = PBXFileReference; lastKnownFileType = sourcecode.swift; path = PolledApp.swift; sourceTree = "<group>"; };
		09AD9FBC2B927B7800F14D71 /* ContentView.swift */ = {isa = PBXFileReference; lastKnownFileType = sourcecode.swift; path = ContentView.swift; sourceTree = "<group>"; };
		09AD9FBE2B927B7B00F14D71 /* Assets.xcassets */ = {isa = PBXFileReference; lastKnownFileType = folder.assetcatalog; path = Assets.xcassets; sourceTree = "<group>"; };
		09AD9FC12B927B7B00F14D71 /* Preview Assets.xcassets */ = {isa = PBXFileReference; lastKnownFileType = folder.assetcatalog; path = "Preview Assets.xcassets"; sourceTree = "<group>"; };
		09AD9FC82B9292A800F14D71 /* GoogleService-Info.plist */ = {isa = PBXFileReference; fileEncoding = 4; lastKnownFileType = text.plist.xml; path = "GoogleService-Info.plist"; sourceTree = "<group>"; };
		09AD9FDF2B92ACF900F14D71 /* Option.swift */ = {isa = PBXFileReference; lastKnownFileType = sourcecode.swift; path = Option.swift; sourceTree = "<group>"; };
		09AD9FE12B92ADAA00F14D71 /* Poll.swift */ = {isa = PBXFileReference; lastKnownFileType = sourcecode.swift; path = Poll.swift; sourceTree = "<group>"; };
		09AD9FE42B92AE0B00F14D71 /* HomeVM.swift */ = {isa = PBXFileReference; lastKnownFileType = sourcecode.swift; path = HomeVM.swift; sourceTree = "<group>"; };
		09AD9FF12B92BD2800F14D71 /* PollChartView.swift */ = {isa = PBXFileReference; lastKnownFileType = sourcecode.swift; path = PollChartView.swift; sourceTree = "<group>"; };
		09AD9FF32B92BE2F00F14D71 /* LivePollWidgetAttributes.swift */ = {isa = PBXFileReference; lastKnownFileType = sourcecode.swift; path = LivePollWidgetAttributes.swift; sourceTree = "<group>"; };
		09AD9FF52B92BE4800F14D71 /* LivePollsWidgetBundle.swift */ = {isa = PBXFileReference; lastKnownFileType = sourcecode.swift; path = LivePollsWidgetBundle.swift; sourceTree = "<group>"; };
		09AD9FF72B92BE9400F14D71 /* LivePollsWidgetLiveActivity.swift */ = {isa = PBXFileReference; lastKnownFileType = sourcecode.swift; path = LivePollsWidgetLiveActivity.swift; sourceTree = "<group>"; };
		09AD9FFB2B92C1AC00F14D71 /* PollView.swift */ = {isa = PBXFileReference; lastKnownFileType = sourcecode.swift; path = PollView.swift; sourceTree = "<group>"; };
		09AD9FFD2B92C36100F14D71 /* PollVM.swift */ = {isa = PBXFileReference; lastKnownFileType = sourcecode.swift; path = PollVM.swift; sourceTree = "<group>"; };
		09AD9FFF2B92C62C00F14D71 /* HomeView.swift */ = {isa = PBXFileReference; lastKnownFileType = sourcecode.swift; path = HomeView.swift; sourceTree = "<group>"; };
/* End PBXFileReference section */

/* Begin PBXFrameworksBuildPhase section */
		09AD9FB42B927B7800F14D71 /* Frameworks */ = {
			isa = PBXFrameworksBuildPhase;
			buildActionMask = 2147483647;
			files = (
				09AD9FD02B92930700F14D71 /* FirebaseAnalyticsSwift in Frameworks */,
				09AD9FCC2B92930700F14D71 /* FirebaseAnalytics in Frameworks */,
				09AD9FCE2B92930700F14D71 /* FirebaseAnalyticsOnDeviceConversion in Frameworks */,
				09AD9FD92B92A6D100F14D71 /* FirebaseFirestoreSwift in Frameworks */,
				09AD9FD42B92930700F14D71 /* FirebaseAppCheck in Frameworks */,
				09AD9FD22B92930700F14D71 /* FirebaseAnalyticsWithoutAdIdSupport in Frameworks */,
				09AD9FDD2B92A6DC00F14D71 /* FirebaseDatabase in Frameworks */,
				09AD9FD72B92A6C900F14D71 /* FirebaseFirestore in Frameworks */,
				09AD9FDB2B92A6D600F14D71 /* FirebaseAuth in Frameworks */,
			);
			runOnlyForDeploymentPostprocessing = 0;
		};
/* End PBXFrameworksBuildPhase section */

/* Begin PBXGroup section */
		09AD9FAE2B927B7800F14D71 = {
			isa = PBXGroup;
			children = (
				09AD9FB92B927B7800F14D71 /* Polled */,
				09AD9FB82B927B7800F14D71 /* Products */,
				09AD9FD52B92A6C900F14D71 /* Frameworks */,
			);
			sourceTree = "<group>";
		};
		09AD9FB82B927B7800F14D71 /* Products */ = {
			isa = PBXGroup;
			children = (
				09AD9FB72B927B7800F14D71 /* Polled.app */,
			);
			name = Products;
			sourceTree = "<group>";
		};
		09AD9FB92B927B7800F14D71 /* Polled */ = {
			isa = PBXGroup;
			children = (
				09ADA0012B92C72C00F14D71 /* LivePollsWidget */,
				09AD9FE32B92ADF800F14D71 /* Observables */,
				09AD9FE82B92AEAA00F14D71 /* Views */,
				09AD9FDE2B92ACE600F14D71 /* Models */,
				09AD9FBA2B927B7800F14D71 /* PolledApp.swift */,
				09AD9FBC2B927B7800F14D71 /* ContentView.swift */,
				09AD9FC82B9292A800F14D71 /* GoogleService-Info.plist */,
				09AD9FBE2B927B7B00F14D71 /* Assets.xcassets */,
				09AD9FC02B927B7B00F14D71 /* Preview Content */,
			);
			path = Polled;
			sourceTree = "<group>";
		};
		09AD9FC02B927B7B00F14D71 /* Preview Content */ = {
			isa = PBXGroup;
			children = (
				09AD9FC12B927B7B00F14D71 /* Preview Assets.xcassets */,
			);
			path = "Preview Content";
			sourceTree = "<group>";
		};
		09AD9FD52B92A6C900F14D71 /* Frameworks */ = {
			isa = PBXGroup;
			children = (
			);
			name = Frameworks;
			sourceTree = "<group>";
		};
		09AD9FDE2B92ACE600F14D71 /* Models */ = {
			isa = PBXGroup;
			children = (
				09AD9FDF2B92ACF900F14D71 /* Option.swift */,
				09AD9FE12B92ADAA00F14D71 /* Poll.swift */,
			);
			path = Models;
			sourceTree = "<group>";
		};
		09AD9FE32B92ADF800F14D71 /* Observables */ = {
			isa = PBXGroup;
			children = (
				09AD9FE42B92AE0B00F14D71 /* HomeVM.swift */,
				09AD9FFD2B92C36100F14D71 /* PollVM.swift */,
			);
			path = Observables;
			sourceTree = "<group>";
		};
		09AD9FE82B92AEAA00F14D71 /* Views */ = {
			isa = PBXGroup;
			children = (
				09AD9FFF2B92C62C00F14D71 /* HomeView.swift */,
				09AD9FFB2B92C1AC00F14D71 /* PollView.swift */,
				09AD9FF12B92BD2800F14D71 /* PollChartView.swift */,
			);
			path = Views;
			sourceTree = "<group>";
		};
		09ADA0012B92C72C00F14D71 /* LivePollsWidget */ = {
			isa = PBXGroup;
			children = (
				09AD9FF32B92BE2F00F14D71 /* LivePollWidgetAttributes.swift */,
				09AD9FF52B92BE4800F14D71 /* LivePollsWidgetBundle.swift */,
				09AD9FF72B92BE9400F14D71 /* LivePollsWidgetLiveActivity.swift */,
			);
			path = LivePollsWidget;
			sourceTree = "<group>";
		};
/* End PBXGroup section */

/* Begin PBXNativeTarget section */
		09AD9FB62B927B7800F14D71 /* Polled */ = {
			isa = PBXNativeTarget;
			buildConfigurationList = 09AD9FC52B927B7B00F14D71 /* Build configuration list for PBXNativeTarget "Polled" */;
			buildPhases = (
				09AD9FB32B927B7800F14D71 /* Sources */,
				09AD9FB42B927B7800F14D71 /* Frameworks */,
				09AD9FB52B927B7800F14D71 /* Resources */,
			);
			buildRules = (
			);
			dependencies = (
			);
			name = Polled;
			packageProductDependencies = (
				09AD9FCB2B92930700F14D71 /* FirebaseAnalytics */,
				09AD9FCD2B92930700F14D71 /* FirebaseAnalyticsOnDeviceConversion */,
				09AD9FCF2B92930700F14D71 /* FirebaseAnalyticsSwift */,
				09AD9FD12B92930700F14D71 /* FirebaseAnalyticsWithoutAdIdSupport */,
				09AD9FD32B92930700F14D71 /* FirebaseAppCheck */,
				09AD9FD62B92A6C900F14D71 /* FirebaseFirestore */,
				09AD9FD82B92A6D100F14D71 /* FirebaseFirestoreSwift */,
				09AD9FDA2B92A6D600F14D71 /* FirebaseAuth */,
				09AD9FDC2B92A6DC00F14D71 /* FirebaseDatabase */,
			);
			productName = Polled;
			productReference = 09AD9FB72B927B7800F14D71 /* Polled.app */;
			productType = "com.apple.product-type.application";
		};
/* End PBXNativeTarget section */

/* Begin PBXProject section */
		09AD9FAF2B927B7800F14D71 /* Project object */ = {
			isa = PBXProject;
			attributes = {
				BuildIndependentTargetsInParallel = 1;
				LastSwiftUpdateCheck = 1520;
				LastUpgradeCheck = 1520;
				TargetAttributes = {
					09AD9FB62B927B7800F14D71 = {
						CreatedOnToolsVersion = 15.2;
					};
				};
			};
			buildConfigurationList = 09AD9FB22B927B7800F14D71 /* Build configuration list for PBXProject "Polled" */;
			compatibilityVersion = "Xcode 14.0";
			developmentRegion = en;
			hasScannedForEncodings = 0;
			knownRegions = (
				en,
				Base,
			);
			mainGroup = 09AD9FAE2B927B7800F14D71;
			packageReferences = (
				09AD9FCA2B92930700F14D71 /* XCRemoteSwiftPackageReference "firebase-ios-sdk" */,
			);
			productRefGroup = 09AD9FB82B927B7800F14D71 /* Products */;
			projectDirPath = "";
			projectRoot = "";
			targets = (
				09AD9FB62B927B7800F14D71 /* Polled */,
			);
		};
/* End PBXProject section */

/* Begin PBXResourcesBuildPhase section */
		09AD9FB52B927B7800F14D71 /* Resources */ = {
			isa = PBXResourcesBuildPhase;
			buildActionMask = 2147483647;
			files = (
				09AD9FC22B927B7B00F14D71 /* Preview Assets.xcassets in Resources */,
				09AD9FBF2B927B7B00F14D71 /* Assets.xcassets in Resources */,
				09AD9FC92B9292A800F14D71 /* GoogleService-Info.plist in Resources */,
			);
			runOnlyForDeploymentPostprocessing = 0;
		};
/* End PBXResourcesBuildPhase section */

/* Begin PBXSourcesBuildPhase section */
		09AD9FB32B927B7800F14D71 /* Sources */ = {
			isa = PBXSourcesBuildPhase;
			buildActionMask = 2147483647;
			files = (
				09AD9FF62B92BE4800F14D71 /* LivePollsWidgetBundle.swift in Sources */,
				09AD9FE22B92ADAA00F14D71 /* Poll.swift in Sources */,
				09AD9FF22B92BD2800F14D71 /* PollChartView.swift in Sources */,
				09AD9FE52B92AE0B00F14D71 /* HomeVM.swift in Sources */,
				09AD9FFE2B92C36100F14D71 /* PollVM.swift in Sources */,
				09AD9FF82B92BE9400F14D71 /* LivePollsWidgetLiveActivity.swift in Sources */,
				09AD9FBD2B927B7800F14D71 /* ContentView.swift in Sources */,
				09AD9FFC2B92C1AC00F14D71 /* PollView.swift in Sources */,
				09AD9FE02B92ACF900F14D71 /* Option.swift in Sources */,
				09ADA0002B92C62C00F14D71 /* HomeView.swift in Sources */,
				09AD9FBB2B927B7800F14D71 /* PolledApp.swift in Sources */,
				09AD9FF42B92BE2F00F14D71 /* LivePollWidgetAttributes.swift in Sources */,
			);
			runOnlyForDeploymentPostprocessing = 0;
		};
/* End PBXSourcesBuildPhase section */

/* Begin XCBuildConfiguration section */
		09AD9FC32B927B7B00F14D71 /* Debug */ = {
			isa = XCBuildConfiguration;
			buildSettings = {
				ALWAYS_SEARCH_USER_PATHS = NO;
				ASSETCATALOG_COMPILER_GENERATE_SWIFT_ASSET_SYMBOL_EXTENSIONS = YES;
				CLANG_ANALYZER_NONNULL = YES;
				CLANG_ANALYZER_NUMBER_OBJECT_CONVERSION = YES_AGGRESSIVE;
				CLANG_CXX_LANGUAGE_STANDARD = "gnu++20";
				CLANG_ENABLE_MODULES = YES;
				CLANG_ENABLE_OBJC_ARC = YES;
				CLANG_ENABLE_OBJC_WEAK = YES;
				CLANG_WARN_BLOCK_CAPTURE_AUTORELEASING = YES;
				CLANG_WARN_BOOL_CONVERSION = YES;
				CLANG_WARN_COMMA = YES;
				CLANG_WARN_CONSTANT_CONVERSION = YES;
				CLANG_WARN_DEPRECATED_OBJC_IMPLEMENTATIONS = YES;
				CLANG_WARN_DIRECT_OBJC_ISA_USAGE = YES_ERROR;
				CLANG_WARN_DOCUMENTATION_COMMENTS = YES;
				CLANG_WARN_EMPTY_BODY = YES;
				CLANG_WARN_ENUM_CONVERSION = YES;
				CLANG_WARN_INFINITE_RECURSION = YES;
				CLANG_WARN_INT_CONVERSION = YES;
				CLANG_WARN_NON_LITERAL_NULL_CONVERSION = YES;
				CLANG_WARN_OBJC_IMPLICIT_RETAIN_SELF = YES;
				CLANG_WARN_OBJC_LITERAL_CONVERSION = YES;
				CLANG_WARN_OBJC_ROOT_CLASS = YES_ERROR;
				CLANG_WARN_QUOTED_INCLUDE_IN_FRAMEWORK_HEADER = YES;
				CLANG_WARN_RANGE_LOOP_ANALYSIS = YES;
				CLANG_WARN_STRICT_PROTOTYPES = YES;
				CLANG_WARN_SUSPICIOUS_MOVE = YES;
				CLANG_WARN_UNGUARDED_AVAILABILITY = YES_AGGRESSIVE;
				CLANG_WARN_UNREACHABLE_CODE = YES;
				CLANG_WARN__DUPLICATE_METHOD_MATCH = YES;
				COPY_PHASE_STRIP = NO;
				DEBUG_INFORMATION_FORMAT = dwarf;
				ENABLE_STRICT_OBJC_MSGSEND = YES;
				ENABLE_TESTABILITY = YES;
				ENABLE_USER_SCRIPT_SANDBOXING = YES;
				GCC_C_LANGUAGE_STANDARD = gnu17;
				GCC_DYNAMIC_NO_PIC = NO;
				GCC_NO_COMMON_BLOCKS = YES;
				GCC_OPTIMIZATION_LEVEL = 0;
				GCC_PREPROCESSOR_DEFINITIONS = (
					"DEBUG=1",
					"$(inherited)",
				);
				GCC_WARN_64_TO_32_BIT_CONVERSION = YES;
				GCC_WARN_ABOUT_RETURN_TYPE = YES_ERROR;
				GCC_WARN_UNDECLARED_SELECTOR = YES;
				GCC_WARN_UNINITIALIZED_AUTOS = YES_AGGRESSIVE;
				GCC_WARN_UNUSED_FUNCTION = YES;
				GCC_WARN_UNUSED_VARIABLE = YES;
				IPHONEOS_DEPLOYMENT_TARGET = 17.2;
				LOCALIZATION_PREFERS_STRING_CATALOGS = YES;
				MTL_ENABLE_DEBUG_INFO = INCLUDE_SOURCE;
				MTL_FAST_MATH = YES;
				ONLY_ACTIVE_ARCH = YES;
				SDKROOT = iphoneos;
				SWIFT_ACTIVE_COMPILATION_CONDITIONS = "DEBUG $(inherited)";
				SWIFT_OPTIMIZATION_LEVEL = "-Onone";
			};
			name = Debug;
		};
		09AD9FC42B927B7B00F14D71 /* Release */ = {
			isa = XCBuildConfiguration;
			buildSettings = {
				ALWAYS_SEARCH_USER_PATHS = NO;
				ASSETCATALOG_COMPILER_GENERATE_SWIFT_ASSET_SYMBOL_EXTENSIONS = YES;
				CLANG_ANALYZER_NONNULL = YES;
				CLANG_ANALYZER_NUMBER_OBJECT_CONVERSION = YES_AGGRESSIVE;
				CLANG_CXX_LANGUAGE_STANDARD = "gnu++20";
				CLANG_ENABLE_MODULES = YES;
				CLANG_ENABLE_OBJC_ARC = YES;
				CLANG_ENABLE_OBJC_WEAK = YES;
				CLANG_WARN_BLOCK_CAPTURE_AUTORELEASING = YES;
				CLANG_WARN_BOOL_CONVERSION = YES;
				CLANG_WARN_COMMA = YES;
				CLANG_WARN_CONSTANT_CONVERSION = YES;
				CLANG_WARN_DEPRECATED_OBJC_IMPLEMENTATIONS = YES;
				CLANG_WARN_DIRECT_OBJC_ISA_USAGE = YES_ERROR;
				CLANG_WARN_DOCUMENTATION_COMMENTS = YES;
				CLANG_WARN_EMPTY_BODY = YES;
				CLANG_WARN_ENUM_CONVERSION = YES;
				CLANG_WARN_INFINITE_RECURSION = YES;
				CLANG_WARN_INT_CONVERSION = YES;
				CLANG_WARN_NON_LITERAL_NULL_CONVERSION = YES;
				CLANG_WARN_OBJC_IMPLICIT_RETAIN_SELF = YES;
				CLANG_WARN_OBJC_LITERAL_CONVERSION = YES;
				CLANG_WARN_OBJC_ROOT_CLASS = YES_ERROR;
				CLANG_WARN_QUOTED_INCLUDE_IN_FRAMEWORK_HEADER = YES;
				CLANG_WARN_RANGE_LOOP_ANALYSIS = YES;
				CLANG_WARN_STRICT_PROTOTYPES = YES;
				CLANG_WARN_SUSPICIOUS_MOVE = YES;
				CLANG_WARN_UNGUARDED_AVAILABILITY = YES_AGGRESSIVE;
				CLANG_WARN_UNREACHABLE_CODE = YES;
				CLANG_WARN__DUPLICATE_METHOD_MATCH = YES;
				COPY_PHASE_STRIP = NO;
				DEBUG_INFORMATION_FORMAT = "dwarf-with-dsym";
				ENABLE_NS_ASSERTIONS = NO;
				ENABLE_STRICT_OBJC_MSGSEND = YES;
				ENABLE_USER_SCRIPT_SANDBOXING = YES;
				GCC_C_LANGUAGE_STANDARD = gnu17;
				GCC_NO_COMMON_BLOCKS = YES;
				GCC_WARN_64_TO_32_BIT_CONVERSION = YES;
				GCC_WARN_ABOUT_RETURN_TYPE = YES_ERROR;
				GCC_WARN_UNDECLARED_SELECTOR = YES;
				GCC_WARN_UNINITIALIZED_AUTOS = YES_AGGRESSIVE;
				GCC_WARN_UNUSED_FUNCTION = YES;
				GCC_WARN_UNUSED_VARIABLE = YES;
				IPHONEOS_DEPLOYMENT_TARGET = 17.2;
				LOCALIZATION_PREFERS_STRING_CATALOGS = YES;
				MTL_ENABLE_DEBUG_INFO = NO;
				MTL_FAST_MATH = YES;
				SDKROOT = iphoneos;
				SWIFT_COMPILATION_MODE = wholemodule;
				VALIDATE_PRODUCT = YES;
			};
			name = Release;
		};
		09AD9FC62B927B7B00F14D71 /* Debug */ = {
			isa = XCBuildConfiguration;
			buildSettings = {
				ASSETCATALOG_COMPILER_APPICON_NAME = AppIcon;
				ASSETCATALOG_COMPILER_GLOBAL_ACCENT_COLOR_NAME = AccentColor;
				CODE_SIGN_STYLE = Automatic;
				CURRENT_PROJECT_VERSION = 1;
				DEVELOPMENT_ASSET_PATHS = "\"Polled/Preview Content\"";
				DEVELOPMENT_TEAM = 4XJVC835QR;
				ENABLE_PREVIEWS = YES;
				GENERATE_INFOPLIST_FILE = YES;
				INFOPLIST_KEY_UIApplicationSceneManifest_Generation = YES;
				INFOPLIST_KEY_UIApplicationSupportsIndirectInputEvents = YES;
				INFOPLIST_KEY_UILaunchScreen_Generation = YES;
				INFOPLIST_KEY_UISupportedInterfaceOrientations_iPad = "UIInterfaceOrientationPortrait UIInterfaceOrientationPortraitUpsideDown UIInterfaceOrientationLandscapeLeft UIInterfaceOrientationLandscapeRight";
				INFOPLIST_KEY_UISupportedInterfaceOrientations_iPhone = "UIInterfaceOrientationPortrait UIInterfaceOrientationLandscapeLeft UIInterfaceOrientationLandscapeRight";
				LD_RUNPATH_SEARCH_PATHS = (
					"$(inherited)",
					"@executable_path/Frameworks",
				);
				MARKETING_VERSION = 1.0;
				PRODUCT_BUNDLE_IDENTIFIER = com.saksham.Polled;
				PRODUCT_NAME = "$(TARGET_NAME)";
				SWIFT_EMIT_LOC_STRINGS = YES;
				SWIFT_VERSION = 5.0;
				TARGETED_DEVICE_FAMILY = "1,2";
			};
			name = Debug;
		};
		09AD9FC72B927B7B00F14D71 /* Release */ = {
			isa = XCBuildConfiguration;
			buildSettings = {
				ASSETCATALOG_COMPILER_APPICON_NAME = AppIcon;
				ASSETCATALOG_COMPILER_GLOBAL_ACCENT_COLOR_NAME = AccentColor;
				CODE_SIGN_STYLE = Automatic;
				CURRENT_PROJECT_VERSION = 1;
				DEVELOPMENT_ASSET_PATHS = "\"Polled/Preview Content\"";
				DEVELOPMENT_TEAM = 4XJVC835QR;
				ENABLE_PREVIEWS = YES;
				GENERATE_INFOPLIST_FILE = YES;
				INFOPLIST_KEY_UIApplicationSceneManifest_Generation = YES;
				INFOPLIST_KEY_UIApplicationSupportsIndirectInputEvents = YES;
				INFOPLIST_KEY_UILaunchScreen_Generation = YES;
				INFOPLIST_KEY_UISupportedInterfaceOrientations_iPad = "UIInterfaceOrientationPortrait UIInterfaceOrientationPortraitUpsideDown UIInterfaceOrientationLandscapeLeft UIInterfaceOrientationLandscapeRight";
				INFOPLIST_KEY_UISupportedInterfaceOrientations_iPhone = "UIInterfaceOrientationPortrait UIInterfaceOrientationLandscapeLeft UIInterfaceOrientationLandscapeRight";
				LD_RUNPATH_SEARCH_PATHS = (
					"$(inherited)",
					"@executable_path/Frameworks",
				);
				MARKETING_VERSION = 1.0;
				PRODUCT_BUNDLE_IDENTIFIER = com.saksham.Polled;
				PRODUCT_NAME = "$(TARGET_NAME)";
				SWIFT_EMIT_LOC_STRINGS = YES;
				SWIFT_VERSION = 5.0;
				TARGETED_DEVICE_FAMILY = "1,2";
			};
			name = Release;
		};
/* End XCBuildConfiguration section */

/* Begin XCConfigurationList section */
		09AD9FB22B927B7800F14D71 /* Build configuration list for PBXProject "Polled" */ = {
			isa = XCConfigurationList;
			buildConfigurations = (
				09AD9FC32B927B7B00F14D71 /* Debug */,
				09AD9FC42B927B7B00F14D71 /* Release */,
			);
			defaultConfigurationIsVisible = 0;
			defaultConfigurationName = Release;
		};
		09AD9FC52B927B7B00F14D71 /* Build configuration list for PBXNativeTarget "Polled" */ = {
			isa = XCConfigurationList;
			buildConfigurations = (
				09AD9FC62B927B7B00F14D71 /* Debug */,
				09AD9FC72B927B7B00F14D71 /* Release */,
			);
			defaultConfigurationIsVisible = 0;
			defaultConfigurationName = Release;
		};
/* End XCConfigurationList section */

/* Begin XCRemoteSwiftPackageReference section */
		09AD9FCA2B92930700F14D71 /* XCRemoteSwiftPackageReference "firebase-ios-sdk" */ = {
			isa = XCRemoteSwiftPackageReference;
			repositoryURL = "https://github.com/firebase/firebase-ios-sdk";
			requirement = {
				kind = upToNextMajorVersion;
				minimumVersion = 10.21.0;
			};
		};
/* End XCRemoteSwiftPackageReference section */

/* Begin XCSwiftPackageProductDependency section */
		09AD9FCB2B92930700F14D71 /* FirebaseAnalytics */ = {
			isa = XCSwiftPackageProductDependency;
			package = 09AD9FCA2B92930700F14D71 /* XCRemoteSwiftPackageReference "firebase-ios-sdk" */;
			productName = FirebaseAnalytics;
		};
		09AD9FCD2B92930700F14D71 /* FirebaseAnalyticsOnDeviceConversion */ = {
			isa = XCSwiftPackageProductDependency;
			package = 09AD9FCA2B92930700F14D71 /* XCRemoteSwiftPackageReference "firebase-ios-sdk" */;
			productName = FirebaseAnalyticsOnDeviceConversion;
		};
		09AD9FCF2B92930700F14D71 /* FirebaseAnalyticsSwift */ = {
			isa = XCSwiftPackageProductDependency;
			package = 09AD9FCA2B92930700F14D71 /* XCRemoteSwiftPackageReference "firebase-ios-sdk" */;
			productName = FirebaseAnalyticsSwift;
		};
		09AD9FD12B92930700F14D71 /* FirebaseAnalyticsWithoutAdIdSupport */ = {
			isa = XCSwiftPackageProductDependency;
			package = 09AD9FCA2B92930700F14D71 /* XCRemoteSwiftPackageReference "firebase-ios-sdk" */;
			productName = FirebaseAnalyticsWithoutAdIdSupport;
		};
		09AD9FD32B92930700F14D71 /* FirebaseAppCheck */ = {
			isa = XCSwiftPackageProductDependency;
			package = 09AD9FCA2B92930700F14D71 /* XCRemoteSwiftPackageReference "firebase-ios-sdk" */;
			productName = FirebaseAppCheck;
		};
		09AD9FD62B92A6C900F14D71 /* FirebaseFirestore */ = {
			isa = XCSwiftPackageProductDependency;
			package = 09AD9FCA2B92930700F14D71 /* XCRemoteSwiftPackageReference "firebase-ios-sdk" */;
			productName = FirebaseFirestore;
		};
		09AD9FD82B92A6D100F14D71 /* FirebaseFirestoreSwift */ = {
			isa = XCSwiftPackageProductDependency;
			package = 09AD9FCA2B92930700F14D71 /* XCRemoteSwiftPackageReference "firebase-ios-sdk" */;
			productName = FirebaseFirestoreSwift;
		};
		09AD9FDA2B92A6D600F14D71 /* FirebaseAuth */ = {
			isa = XCSwiftPackageProductDependency;
			package = 09AD9FCA2B92930700F14D71 /* XCRemoteSwiftPackageReference "firebase-ios-sdk" */;
			productName = FirebaseAuth;
		};
		09AD9FDC2B92A6DC00F14D71 /* FirebaseDatabase */ = {
			isa = XCSwiftPackageProductDependency;
			package = 09AD9FCA2B92930700F14D71 /* XCRemoteSwiftPackageReference "firebase-ios-sdk" */;
			productName = FirebaseDatabase;
		};
/* End XCSwiftPackageProductDependency section */
	};
	rootObject = 09AD9FAF2B927B7800F14D71 /* Project object */;
}
