// !$*UTF8*$!
{
	archiveVersion = 1;
	classes = {
	};
	objectVersion = 56;
	objects = {

/* Begin PBXBuildFile section */
		09AD9F4C2B8FD65F00F14D71 /* RealityKitContent in Frameworks */ = {isa = PBXBuildFile; productRef = 09AD9F4B2B8FD65F00F14D71 /* RealityKitContent */; };
		09AD9F4E2B8FD65F00F14D71 /* FoonewsApp.swift in Sources */ = {isa = PBXBuildFile; fileRef = 09AD9F4D2B8FD65F00F14D71 /* FoonewsApp.swift */; };
		09AD9F502B8FD65F00F14D71 /* ContentView.swift in Sources */ = {isa = PBXBuildFile; fileRef = 09AD9F4F2B8FD65F00F14D71 /* ContentView.swift */; };
		09AD9F522B8FD66200F14D71 /* Assets.xcassets in Resources */ = {isa = PBXBuildFile; fileRef = 09AD9F512B8FD66200F14D71 /* Assets.xcassets */; };
		09AD9F552B8FD66200F14D71 /* Preview Assets.xcassets in Resources */ = {isa = PBXBuildFile; fileRef = 09AD9F542B8FD66200F14D71 /* Preview Assets.xcassets */; };
		09AD9F5E2B8FD89E00F14D71 /* XCAFootballDataClient in Frameworks */ = {isa = PBXBuildFile; productRef = 09AD9F5D2B8FD89E00F14D71 /* XCAFootballDataClient */; };
		09AD9F612B8FD92800F14D71 /* StandingsTableView.swift in Sources */ = {isa = PBXBuildFile; fileRef = 09AD9F602B8FD92800F14D71 /* StandingsTableView.swift */; };
		09AD9F662B8FDB0200F14D71 /* StandingTableObservable.swift in Sources */ = {isa = PBXBuildFile; fileRef = 09AD9F652B8FDB0200F14D71 /* StandingTableObservable.swift */; };
		09AD9F682B8FDB8700F14D71 /* FetchPhase.swift in Sources */ = {isa = PBXBuildFile; fileRef = 09AD9F672B8FDB8700F14D71 /* FetchPhase.swift */; };
		09AD9F6C2B8FDEF400F14D71 /* standings.json in Resources */ = {isa = PBXBuildFile; fileRef = 09AD9F6A2B8FDEF300F14D71 /* standings.json */; };
		09AD9F6D2B8FDEF400F14D71 /* scorers.json in Resources */ = {isa = PBXBuildFile; fileRef = 09AD9F6B2B8FDEF400F14D71 /* scorers.json */; };
		09AD9F722B8FE37C00F14D71 /* Utility.swift in Sources */ = {isa = PBXBuildFile; fileRef = 09AD9F712B8FE37C00F14D71 /* Utility.swift */; };
/* End PBXBuildFile section */

/* Begin PBXFileReference section */
		09AD9F462B8FD65F00F14D71 /* Foonews.app */ = {isa = PBXFileReference; explicitFileType = wrapper.application; includeInIndex = 0; path = Foonews.app; sourceTree = BUILT_PRODUCTS_DIR; };
		09AD9F4A2B8FD65F00F14D71 /* RealityKitContent */ = {isa = PBXFileReference; lastKnownFileType = wrapper; path = RealityKitContent; sourceTree = "<group>"; };
		09AD9F4D2B8FD65F00F14D71 /* FoonewsApp.swift */ = {isa = PBXFileReference; lastKnownFileType = sourcecode.swift; path = FoonewsApp.swift; sourceTree = "<group>"; };
		09AD9F4F2B8FD65F00F14D71 /* ContentView.swift */ = {isa = PBXFileReference; lastKnownFileType = sourcecode.swift; path = ContentView.swift; sourceTree = "<group>"; };
		09AD9F512B8FD66200F14D71 /* Assets.xcassets */ = {isa = PBXFileReference; lastKnownFileType = folder.assetcatalog; path = Assets.xcassets; sourceTree = "<group>"; };
		09AD9F542B8FD66200F14D71 /* Preview Assets.xcassets */ = {isa = PBXFileReference; lastKnownFileType = folder.assetcatalog; path = "Preview Assets.xcassets"; sourceTree = "<group>"; };
		09AD9F562B8FD66200F14D71 /* Info.plist */ = {isa = PBXFileReference; lastKnownFileType = text.plist.xml; path = Info.plist; sourceTree = "<group>"; };
		09AD9F602B8FD92800F14D71 /* StandingsTableView.swift */ = {isa = PBXFileReference; lastKnownFileType = sourcecode.swift; path = StandingsTableView.swift; sourceTree = "<group>"; };
		09AD9F652B8FDB0200F14D71 /* StandingTableObservable.swift */ = {isa = PBXFileReference; lastKnownFileType = sourcecode.swift; path = StandingTableObservable.swift; sourceTree = "<group>"; };
		09AD9F672B8FDB8700F14D71 /* FetchPhase.swift */ = {isa = PBXFileReference; lastKnownFileType = sourcecode.swift; path = FetchPhase.swift; sourceTree = "<group>"; };
		09AD9F6A2B8FDEF300F14D71 /* standings.json */ = {isa = PBXFileReference; fileEncoding = 4; lastKnownFileType = text.json; path = standings.json; sourceTree = "<group>"; };
		09AD9F6B2B8FDEF400F14D71 /* scorers.json */ = {isa = PBXFileReference; fileEncoding = 4; lastKnownFileType = text.json; path = scorers.json; sourceTree = "<group>"; };
		09AD9F712B8FE37C00F14D71 /* Utility.swift */ = {isa = PBXFileReference; fileEncoding = 4; lastKnownFileType = sourcecode.swift; path = Utility.swift; sourceTree = "<group>"; };
/* End PBXFileReference section */

/* Begin PBXFrameworksBuildPhase section */
		09AD9F432B8FD65F00F14D71 /* Frameworks */ = {
			isa = PBXFrameworksBuildPhase;
			buildActionMask = 2147483647;
			files = (
				09AD9F4C2B8FD65F00F14D71 /* RealityKitContent in Frameworks */,
				09AD9F5E2B8FD89E00F14D71 /* XCAFootballDataClient in Frameworks */,
			);
			runOnlyForDeploymentPostprocessing = 0;
		};
/* End PBXFrameworksBuildPhase section */

/* Begin PBXGroup section */
		09AD9F3D2B8FD65F00F14D71 = {
			isa = PBXGroup;
			children = (
				09AD9F482B8FD65F00F14D71 /* Foonews */,
				09AD9F492B8FD65F00F14D71 /* Packages */,
				09AD9F472B8FD65F00F14D71 /* Products */,
			);
			sourceTree = "<group>";
		};
		09AD9F472B8FD65F00F14D71 /* Products */ = {
			isa = PBXGroup;
			children = (
				09AD9F462B8FD65F00F14D71 /* Foonews.app */,
			);
			name = Products;
			sourceTree = "<group>";
		};
		09AD9F482B8FD65F00F14D71 /* Foonews */ = {
			isa = PBXGroup;
			children = (
				09AD9F692B8FDE2A00F14D71 /* Stubs */,
				09AD9F622B8FDA5C00F14D71 /* Observables */,
				09AD9F5F2B8FD90400F14D71 /* Views */,
				09AD9F4D2B8FD65F00F14D71 /* FoonewsApp.swift */,
				09AD9F4F2B8FD65F00F14D71 /* ContentView.swift */,
				09AD9F512B8FD66200F14D71 /* Assets.xcassets */,
				09AD9F562B8FD66200F14D71 /* Info.plist */,
				09AD9F532B8FD66200F14D71 /* Preview Content */,
				09AD9F672B8FDB8700F14D71 /* FetchPhase.swift */,
			);
			path = Foonews;
			sourceTree = "<group>";
		};
		09AD9F492B8FD65F00F14D71 /* Packages */ = {
			isa = PBXGroup;
			children = (
				09AD9F4A2B8FD65F00F14D71 /* RealityKitContent */,
			);
			path = Packages;
			sourceTree = "<group>";
		};
		09AD9F532B8FD66200F14D71 /* Preview Content */ = {
			isa = PBXGroup;
			children = (
				09AD9F542B8FD66200F14D71 /* Preview Assets.xcassets */,
			);
			path = "Preview Content";
			sourceTree = "<group>";
		};
		09AD9F5F2B8FD90400F14D71 /* Views */ = {
			isa = PBXGroup;
			children = (
				09AD9F712B8FE37C00F14D71 /* Utility.swift */,
				09AD9F602B8FD92800F14D71 /* StandingsTableView.swift */,
			);
			path = Views;
			sourceTree = "<group>";
		};
		09AD9F622B8FDA5C00F14D71 /* Observables */ = {
			isa = PBXGroup;
			children = (
				09AD9F652B8FDB0200F14D71 /* StandingTableObservable.swift */,
			);
			path = Observables;
			sourceTree = "<group>";
		};
		09AD9F692B8FDE2A00F14D71 /* Stubs */ = {
			isa = PBXGroup;
			children = (
				09AD9F6B2B8FDEF400F14D71 /* scorers.json */,
				09AD9F6A2B8FDEF300F14D71 /* standings.json */,
			);
			path = Stubs;
			sourceTree = "<group>";
		};
/* End PBXGroup section */

/* Begin PBXNativeTarget section */
		09AD9F452B8FD65F00F14D71 /* Foonews */ = {
			isa = PBXNativeTarget;
			buildConfigurationList = 09AD9F592B8FD66200F14D71 /* Build configuration list for PBXNativeTarget "Foonews" */;
			buildPhases = (
				09AD9F422B8FD65F00F14D71 /* Sources */,
				09AD9F432B8FD65F00F14D71 /* Frameworks */,
				09AD9F442B8FD65F00F14D71 /* Resources */,
			);
			buildRules = (
			);
			dependencies = (
			);
			name = Foonews;
			packageProductDependencies = (
				09AD9F4B2B8FD65F00F14D71 /* RealityKitContent */,
				09AD9F5D2B8FD89E00F14D71 /* XCAFootballDataClient */,
			);
			productName = Foonews;
			productReference = 09AD9F462B8FD65F00F14D71 /* Foonews.app */;
			productType = "com.apple.product-type.application";
		};
/* End PBXNativeTarget section */

/* Begin PBXProject section */
		09AD9F3E2B8FD65F00F14D71 /* Project object */ = {
			isa = PBXProject;
			attributes = {
				BuildIndependentTargetsInParallel = 1;
				LastSwiftUpdateCheck = 1520;
				LastUpgradeCheck = 1520;
				TargetAttributes = {
					09AD9F452B8FD65F00F14D71 = {
						CreatedOnToolsVersion = 15.2;
					};
				};
			};
			buildConfigurationList = 09AD9F412B8FD65F00F14D71 /* Build configuration list for PBXProject "Foonews" */;
			compatibilityVersion = "Xcode 14.0";
			developmentRegion = en;
			hasScannedForEncodings = 0;
			knownRegions = (
				en,
				Base,
			);
			mainGroup = 09AD9F3D2B8FD65F00F14D71;
			packageReferences = (
				09AD9F5C2B8FD89D00F14D71 /* XCRemoteSwiftPackageReference "XCAFootballDataClient" */,
				09AD9F782B8FFB0300F14D71 /* XCRemoteSwiftPackageReference "SVGImageSwiftUI" */,
			);
			productRefGroup = 09AD9F472B8FD65F00F14D71 /* Products */;
			projectDirPath = "";
			projectRoot = "";
			targets = (
				09AD9F452B8FD65F00F14D71 /* Foonews */,
			);
		};
/* End PBXProject section */

/* Begin PBXResourcesBuildPhase section */
		09AD9F442B8FD65F00F14D71 /* Resources */ = {
			isa = PBXResourcesBuildPhase;
			buildActionMask = 2147483647;
			files = (
				09AD9F6C2B8FDEF400F14D71 /* standings.json in Resources */,
				09AD9F6D2B8FDEF400F14D71 /* scorers.json in Resources */,
				09AD9F552B8FD66200F14D71 /* Preview Assets.xcassets in Resources */,
				09AD9F522B8FD66200F14D71 /* Assets.xcassets in Resources */,
			);
			runOnlyForDeploymentPostprocessing = 0;
		};
/* End PBXResourcesBuildPhase section */

/* Begin PBXSourcesBuildPhase section */
		09AD9F422B8FD65F00F14D71 /* Sources */ = {
			isa = PBXSourcesBuildPhase;
			buildActionMask = 2147483647;
			files = (
				09AD9F682B8FDB8700F14D71 /* FetchPhase.swift in Sources */,
				09AD9F612B8FD92800F14D71 /* StandingsTableView.swift in Sources */,
				09AD9F722B8FE37C00F14D71 /* Utility.swift in Sources */,
				09AD9F662B8FDB0200F14D71 /* StandingTableObservable.swift in Sources */,
				09AD9F502B8FD65F00F14D71 /* ContentView.swift in Sources */,
				09AD9F4E2B8FD65F00F14D71 /* FoonewsApp.swift in Sources */,
			);
			runOnlyForDeploymentPostprocessing = 0;
		};
/* End PBXSourcesBuildPhase section */

/* Begin XCBuildConfiguration section */
		09AD9F572B8FD66200F14D71 /* Debug */ = {
			isa = XCBuildConfiguration;
			buildSettings = {
				ALWAYS_SEARCH_USER_PATHS = NO;
				ASSETCATALOG_COMPILER_GENERATE_SWIFT_ASSET_SYMBOL_EXTENSIONS = YES;
				CLANG_ANALYZER_NONNULL = YES;
				CLANG_ANALYZER_NUMBER_OBJECT_CONVERSION = YES_AGGRESSIVE;
				CLANG_CXX_LANGUAGE_STANDARD = "gnu++20";
				CLANG_ENABLE_MODULES = YES;
				CLANG_ENABLE_OBJC_ARC = YES;
				CLANG_ENABLE_OBJC_WEAK = YES;
				CLANG_WARN_BLOCK_CAPTURE_AUTORELEASING = YES;
				CLANG_WARN_BOOL_CONVERSION = YES;
				CLANG_WARN_COMMA = YES;
				CLANG_WARN_CONSTANT_CONVERSION = YES;
				CLANG_WARN_DEPRECATED_OBJC_IMPLEMENTATIONS = YES;
				CLANG_WARN_DIRECT_OBJC_ISA_USAGE = YES_ERROR;
				CLANG_WARN_DOCUMENTATION_COMMENTS = YES;
				CLANG_WARN_EMPTY_BODY = YES;
				CLANG_WARN_ENUM_CONVERSION = YES;
				CLANG_WARN_INFINITE_RECURSION = YES;
				CLANG_WARN_INT_CONVERSION = YES;
				CLANG_WARN_NON_LITERAL_NULL_CONVERSION = YES;
				CLANG_WARN_OBJC_IMPLICIT_RETAIN_SELF = YES;
				CLANG_WARN_OBJC_LITERAL_CONVERSION = YES;
				CLANG_WARN_OBJC_ROOT_CLASS = YES_ERROR;
				CLANG_WARN_QUOTED_INCLUDE_IN_FRAMEWORK_HEADER = YES;
				CLANG_WARN_RANGE_LOOP_ANALYSIS = YES;
				CLANG_WARN_STRICT_PROTOTYPES = YES;
				CLANG_WARN_SUSPICIOUS_MOVE = YES;
				CLANG_WARN_UNGUARDED_AVAILABILITY = YES_AGGRESSIVE;
				CLANG_WARN_UNREACHABLE_CODE = YES;
				CLANG_WARN__DUPLICATE_METHOD_MATCH = YES;
				COPY_PHASE_STRIP = NO;
				DEBUG_INFORMATION_FORMAT = dwarf;
				ENABLE_STRICT_OBJC_MSGSEND = YES;
				ENABLE_TESTABILITY = YES;
				ENABLE_USER_SCRIPT_SANDBOXING = YES;
				GCC_C_LANGUAGE_STANDARD = gnu17;
				GCC_DYNAMIC_NO_PIC = NO;
				GCC_NO_COMMON_BLOCKS = YES;
				GCC_OPTIMIZATION_LEVEL = 0;
				GCC_PREPROCESSOR_DEFINITIONS = (
					"DEBUG=1",
					"$(inherited)",
				);
				GCC_WARN_64_TO_32_BIT_CONVERSION = YES;
				GCC_WARN_ABOUT_RETURN_TYPE = YES_ERROR;
				GCC_WARN_UNDECLARED_SELECTOR = YES;
				GCC_WARN_UNINITIALIZED_AUTOS = YES_AGGRESSIVE;
				GCC_WARN_UNUSED_FUNCTION = YES;
				GCC_WARN_UNUSED_VARIABLE = YES;
				LOCALIZATION_PREFERS_STRING_CATALOGS = YES;
				MTL_ENABLE_DEBUG_INFO = INCLUDE_SOURCE;
				MTL_FAST_MATH = YES;
				ONLY_ACTIVE_ARCH = YES;
				SDKROOT = xros;
				SWIFT_ACTIVE_COMPILATION_CONDITIONS = "DEBUG $(inherited)";
				SWIFT_OPTIMIZATION_LEVEL = "-Onone";
				XROS_DEPLOYMENT_TARGET = 1.0;
			};
			name = Debug;
		};
		09AD9F582B8FD66200F14D71 /* Release */ = {
			isa = XCBuildConfiguration;
			buildSettings = {
				ALWAYS_SEARCH_USER_PATHS = NO;
				ASSETCATALOG_COMPILER_GENERATE_SWIFT_ASSET_SYMBOL_EXTENSIONS = YES;
				CLANG_ANALYZER_NONNULL = YES;
				CLANG_ANALYZER_NUMBER_OBJECT_CONVERSION = YES_AGGRESSIVE;
				CLANG_CXX_LANGUAGE_STANDARD = "gnu++20";
				CLANG_ENABLE_MODULES = YES;
				CLANG_ENABLE_OBJC_ARC = YES;
				CLANG_ENABLE_OBJC_WEAK = YES;
				CLANG_WARN_BLOCK_CAPTURE_AUTORELEASING = YES;
				CLANG_WARN_BOOL_CONVERSION = YES;
				CLANG_WARN_COMMA = YES;
				CLANG_WARN_CONSTANT_CONVERSION = YES;
				CLANG_WARN_DEPRECATED_OBJC_IMPLEMENTATIONS = YES;
				CLANG_WARN_DIRECT_OBJC_ISA_USAGE = YES_ERROR;
				CLANG_WARN_DOCUMENTATION_COMMENTS = YES;
				CLANG_WARN_EMPTY_BODY = YES;
				CLANG_WARN_ENUM_CONVERSION = YES;
				CLANG_WARN_INFINITE_RECURSION = YES;
				CLANG_WARN_INT_CONVERSION = YES;
				CLANG_WARN_NON_LITERAL_NULL_CONVERSION = YES;
				CLANG_WARN_OBJC_IMPLICIT_RETAIN_SELF = YES;
				CLANG_WARN_OBJC_LITERAL_CONVERSION = YES;
				CLANG_WARN_OBJC_ROOT_CLASS = YES_ERROR;
				CLANG_WARN_QUOTED_INCLUDE_IN_FRAMEWORK_HEADER = YES;
				CLANG_WARN_RANGE_LOOP_ANALYSIS = YES;
				CLANG_WARN_STRICT_PROTOTYPES = YES;
				CLANG_WARN_SUSPICIOUS_MOVE = YES;
				CLANG_WARN_UNGUARDED_AVAILABILITY = YES_AGGRESSIVE;
				CLANG_WARN_UNREACHABLE_CODE = YES;
				CLANG_WARN__DUPLICATE_METHOD_MATCH = YES;
				COPY_PHASE_STRIP = NO;
				DEBUG_INFORMATION_FORMAT = "dwarf-with-dsym";
				ENABLE_NS_ASSERTIONS = NO;
				ENABLE_STRICT_OBJC_MSGSEND = YES;
				ENABLE_USER_SCRIPT_SANDBOXING = YES;
				GCC_C_LANGUAGE_STANDARD = gnu17;
				GCC_NO_COMMON_BLOCKS = YES;
				GCC_WARN_64_TO_32_BIT_CONVERSION = YES;
				GCC_WARN_ABOUT_RETURN_TYPE = YES_ERROR;
				GCC_WARN_UNDECLARED_SELECTOR = YES;
				GCC_WARN_UNINITIALIZED_AUTOS = YES_AGGRESSIVE;
				GCC_WARN_UNUSED_FUNCTION = YES;
				GCC_WARN_UNUSED_VARIABLE = YES;
				LOCALIZATION_PREFERS_STRING_CATALOGS = YES;
				MTL_ENABLE_DEBUG_INFO = NO;
				MTL_FAST_MATH = YES;
				SDKROOT = xros;
				SWIFT_COMPILATION_MODE = wholemodule;
				VALIDATE_PRODUCT = YES;
				XROS_DEPLOYMENT_TARGET = 1.0;
			};
			name = Release;
		};
		09AD9F5A2B8FD66200F14D71 /* Debug */ = {
			isa = XCBuildConfiguration;
			buildSettings = {
				ASSETCATALOG_COMPILER_APPICON_NAME = AppIcon;
				ASSETCATALOG_COMPILER_GLOBAL_ACCENT_COLOR_NAME = AccentColor;
				CODE_SIGN_STYLE = Automatic;
				CURRENT_PROJECT_VERSION = 1;
				DEVELOPMENT_ASSET_PATHS = "\"Foonews/Preview Content\"";
				DEVELOPMENT_TEAM = 4XJVC835QR;
				ENABLE_PREVIEWS = YES;
				GENERATE_INFOPLIST_FILE = YES;
				INFOPLIST_FILE = "$(TARGET_NAME)/Info.plist";
				LD_RUNPATH_SEARCH_PATHS = (
					"$(inherited)",
					"@executable_path/Frameworks",
				);
				MARKETING_VERSION = 1.0;
				PRODUCT_BUNDLE_IDENTIFIER = com.saksham.Foonews;
				PRODUCT_NAME = "$(TARGET_NAME)";
				SUPPORTED_PLATFORMS = "xros xrsimulator";
				SWIFT_EMIT_LOC_STRINGS = YES;
				SWIFT_VERSION = 5.0;
				TARGETED_DEVICE_FAMILY = "1,2,7";
			};
			name = Debug;
		};
		09AD9F5B2B8FD66200F14D71 /* Release */ = {
			isa = XCBuildConfiguration;
			buildSettings = {
				ASSETCATALOG_COMPILER_APPICON_NAME = AppIcon;
				ASSETCATALOG_COMPILER_GLOBAL_ACCENT_COLOR_NAME = AccentColor;
				CODE_SIGN_STYLE = Automatic;
				CURRENT_PROJECT_VERSION = 1;
				DEVELOPMENT_ASSET_PATHS = "\"Foonews/Preview Content\"";
				DEVELOPMENT_TEAM = 4XJVC835QR;
				ENABLE_PREVIEWS = YES;
				GENERATE_INFOPLIST_FILE = YES;
				INFOPLIST_FILE = "$(TARGET_NAME)/Info.plist";
				LD_RUNPATH_SEARCH_PATHS = (
					"$(inherited)",
					"@executable_path/Frameworks",
				);
				MARKETING_VERSION = 1.0;
				PRODUCT_BUNDLE_IDENTIFIER = com.saksham.Foonews;
				PRODUCT_NAME = "$(TARGET_NAME)";
				SUPPORTED_PLATFORMS = "xros xrsimulator";
				SWIFT_EMIT_LOC_STRINGS = YES;
				SWIFT_VERSION = 5.0;
				TARGETED_DEVICE_FAMILY = "1,2,7";
			};
			name = Release;
		};
/* End XCBuildConfiguration section */

/* Begin XCConfigurationList section */
		09AD9F412B8FD65F00F14D71 /* Build configuration list for PBXProject "Foonews" */ = {
			isa = XCConfigurationList;
			buildConfigurations = (
				09AD9F572B8FD66200F14D71 /* Debug */,
				09AD9F582B8FD66200F14D71 /* Release */,
			);
			defaultConfigurationIsVisible = 0;
			defaultConfigurationName = Release;
		};
		09AD9F592B8FD66200F14D71 /* Build configuration list for PBXNativeTarget "Foonews" */ = {
			isa = XCConfigurationList;
			buildConfigurations = (
				09AD9F5A2B8FD66200F14D71 /* Debug */,
				09AD9F5B2B8FD66200F14D71 /* Release */,
			);
			defaultConfigurationIsVisible = 0;
			defaultConfigurationName = Release;
		};
/* End XCConfigurationList section */

/* Begin XCRemoteSwiftPackageReference section */
		09AD9F5C2B8FD89D00F14D71 /* XCRemoteSwiftPackageReference "XCAFootballDataClient" */ = {
			isa = XCRemoteSwiftPackageReference;
			repositoryURL = "https://github.com/alfianlosari/XCAFootballDataClient.git";
			requirement = {
				kind = upToNextMajorVersion;
				minimumVersion = 0.1.0;
			};
		};
		09AD9F782B8FFB0300F14D71 /* XCRemoteSwiftPackageReference "SVGImageSwiftUI" */ = {
			isa = XCRemoteSwiftPackageReference;
			repositoryURL = "https://github.com/alfianlosari/SVGImageSwiftUI.git";
			requirement = {
				kind = exactVersion;
				version = 0.2.0;
			};
		};
/* End XCRemoteSwiftPackageReference section */

/* Begin XCSwiftPackageProductDependency section */
		09AD9F4B2B8FD65F00F14D71 /* RealityKitContent */ = {
			isa = XCSwiftPackageProductDependency;
			productName = RealityKitContent;
		};
		09AD9F5D2B8FD89E00F14D71 /* XCAFootballDataClient */ = {
			isa = XCSwiftPackageProductDependency;
			package = 09AD9F5C2B8FD89D00F14D71 /* XCRemoteSwiftPackageReference "XCAFootballDataClient" */;
			productName = XCAFootballDataClient;
		};
/* End XCSwiftPackageProductDependency section */
	};
	rootObject = 09AD9F3E2B8FD65F00F14D71 /* Project object */;
}
